
Microsoft Visual Studio Solution File, Format Version 12.00
# Visual Studio 14
VisualStudioVersion = 14.0.25123.0
MinimumVisualStudioVersion = 10.0.40219.1
Project("{FAE04EC0-301F-11D3-BF4B-00C04F79EFBC}") = "AngularJSAuthentication", "AngularJSAuthentication\AngularJSAuthentication.csproj", "{8B3C9C77-43E0-4D63-99FC-8D3EF1B7F949}"
EndProject
Global
	GlobalSection(SolutionConfigurationPlatforms) = preSolution
		Debug|Any CPU = Debug|Any CPU
		Release|Any CPU = Release|Any CPU
	EndGlobalSection
	GlobalSection(ProjectConfigurationPlatforms) = postSolution
		{8B3C9C77-43E0-4D63-99FC-8D3EF1B7F949}.Debug|Any CPU.ActiveCfg = Debug|Any CPU
		{8B3C9C77-43E0-4D63-99FC-8D3EF1B7F949}.Debug|Any CPU.Build.0 = Debug|Any CPU
		{8B3C9C77-43E0-4D63-99FC-8D3EF1B7F949}.Release|Any CPU.ActiveCfg = Release|Any CPU
		{8B3C9C77-43E0-4D63-99FC-8D3EF1B7F949}.Release|Any CPU.Build.0 = Release|Any CPU
	EndGlobalSection
	GlobalSection(SolutionProperties) = preSolution
		HideSolutionNode = FALSE
	EndGlobalSection
EndGlobal
